
Microsoft Visual Studio Solution File, Format Version 12.00
Project("{FAE04EC0-301F-11D3-BF4B-00C04F79EFBC}") = "P2CodeExecution", "P2CodeExecution\P2CodeExecution.csproj", "{5E00D213-81A9-46C0-B826-86FF8245E921}"
EndProject
Project("{FAE04EC0-301F-11D3-BF4B-00C04F79EFBC}") = "P3PrintingOutput", "P3PrintingOutput\P3PrintingOutput.csproj", "{FC1AE8E3-62DF-4D8B-813E-6CACC2EFE510}"
EndProject
Project("{FAE04EC0-301F-11D3-BF4B-00C04F79EFBC}") = "P4Comments", "P4Comments\P4Comments.csproj", "{BC1A02C8-B274-474F-8DDA-8E79EC87921D}"
EndProject
Project("{FAE04EC0-301F-11D3-BF4B-00C04F79EFBC}") = "P5Variables", "P5Variables\P5Variables.csproj", "{0D209CF0-E527-4D34-80A4-285DBD9245C7}"
EndProject
Project("{FAE04EC0-301F-11D3-BF4B-00C04F79EFBC}") = "P6DataTypes", "P6DataTypes\P6DataTypes.csproj", "{C403B374-40E1-4DED-AC56-2F6A5817D7DF}"
EndProject
Project("{FAE04EC0-301F-11D3-BF4B-00C04F79EFBC}") = "P7Input", "P7Input\P7Input.csproj", "{EECA1920-B0BD-4432-BADA-53E64398F4D7}"
EndProject
Project("{FAE04EC0-301F-11D3-BF4B-00C04F79EFBC}") = "P8Conversion", "P8Conversion\P8Conversion.csproj", "{87DA9554-679D-4ADA-A314-96589741BC2F}"
EndProject
Project("{FAE04EC0-301F-11D3-BF4B-00C04F79EFBC}") = "P9Operators", "P9Operators\P9Operators.csproj", "{6DCDFFDE-F51E-4FDC-AA68-47776251DECE}"
EndProject
Project("{FAE04EC0-301F-11D3-BF4B-00C04F79EFBC}") = "P9.1", "P9.1\P9.1.csproj", "{E7A38EFD-0196-4883-87F7-F894399C3F31}"
EndProject
Project("{FAE04EC0-301F-11D3-BF4B-00C04F79EFBC}") = "G1Nim", "G1Nim\G1Nim.csproj", "{4F29803D-0BBA-453E-A086-4956FE1DC12F}"
EndProject
Project("{FAE04EC0-301F-11D3-BF4B-00C04F79EFBC}") = "P9.3", "P9.3\P9.3.csproj", "{F284DCDF-6649-46A4-9908-7C7AB3BB6C12}"
EndProject
Project("{FAE04EC0-301F-11D3-BF4B-00C04F79EFBC}") = "P9.4", "P9.4\P9.4.csproj", "{74ED85AA-5365-408C-9F6C-FF2F978626A2}"
EndProject
Project("{FAE04EC0-301F-11D3-BF4B-00C04F79EFBC}") = "P9.5", "P9.5\P9.5.csproj", "{ED7F622C-9ABC-4670-94EC-BD4E712F9E4C}"
EndProject
Project("{FAE04EC0-301F-11D3-BF4B-00C04F79EFBC}") = "P9.6", "P9.6\P9.6.csproj", "{A084AFBE-547D-41BF-81D1-FA0A733C1C93}"
EndProject
Project("{FAE04EC0-301F-11D3-BF4B-00C04F79EFBC}") = "P9.7", "P9.7\P9.7.csproj", "{3E496108-9DDA-47D9-A88C-9DEF92A2C385}"
EndProject
Project("{FAE04EC0-301F-11D3-BF4B-00C04F79EFBC}") = "P9.8", "P9.8\P9.8.csproj", "{3210746E-16B3-480D-A3ED-B0BECC7AF107}"
EndProject
Project("{FAE04EC0-301F-11D3-BF4B-00C04F79EFBC}") = "P9.9", "P9.9\P9.9.csproj", "{A2E53307-0F98-4FDD-BA2C-E6C7F60E5101}"
EndProject
Project("{FAE04EC0-301F-11D3-BF4B-00C04F79EFBC}") = "P9.10", "P9.10\P9.10.csproj", "{4BB5E25C-A9A3-44A6-AC67-5651E7A8CE8B}"
EndProject
Project("{FAE04EC0-301F-11D3-BF4B-00C04F79EFBC}") = "P9.1b", "P9.1b\P9.1b.csproj", "{835F1CD2-6932-4046-837F-AF23441995E4}"
EndProject
Project("{FAE04EC0-301F-11D3-BF4B-00C04F79EFBC}") = "P9.2b", "P9.2b\P9.2b.csproj", "{5E3DDD60-F400-406C-802F-C2ADD43CE74A}"
EndProject
Project("{FAE04EC0-301F-11D3-BF4B-00C04F79EFBC}") = "P9.3b", "P9.3b\P9.3b.csproj", "{642E750F-718F-4A04-A603-DAA168EDD35D}"
EndProject
Project("{FAE04EC0-301F-11D3-BF4B-00C04F79EFBC}") = "P10Boolean", "P10Boolean\P10Boolean.csproj", "{03F4ACA0-BE1B-4206-8662-A08D5AEB06F7}"
EndProject
Project("{FAE04EC0-301F-11D3-BF4B-00C04F79EFBC}") = "P11IfElse", "P11IfElse\P11IfElse.csproj", "{D87C9FBA-4FFC-4C2C-B18B-B066CC9EA151}"
EndProject
Project("{FAE04EC0-301F-11D3-BF4B-00C04F79EFBC}") = "P12Random", "P12Random\P12Random.csproj", "{17729CBB-B9C3-4FD9-91AA-B3B2E17595E6}"
EndProject
Project("{FAE04EC0-301F-11D3-BF4B-00C04F79EFBC}") = "P11.1Grades", "P11.1Grades\P11.1Grades.csproj", "{C3EC4DEC-2F8E-49AB-95EF-314AC2389163}"
EndProject
Project("{FAE04EC0-301F-11D3-BF4B-00C04F79EFBC}") = "P11.2MinMax", "P11.2MinMax\P11.2MinMax.csproj", "{790D4D77-6B86-4AAE-ACAF-9143D19A518E}"
EndProject
Project("{FAE04EC0-301F-11D3-BF4B-00C04F79EFBC}") = "P11.3Characters", "P11.3Characters\P11.3Characters.csproj", "{BEF63CC5-8051-4F32-BB05-4B1A230249F7}"
EndProject
Project("{FAE04EC0-301F-11D3-BF4B-00C04F79EFBC}") = "P11.4Calculator", "P11.4Calculator\P11.4Calculator.csproj", "{7F18DA1C-3BA4-4ADD-B5FA-A421E6CF9DEC}"
EndProject
Project("{FAE04EC0-301F-11D3-BF4B-00C04F79EFBC}") = "P11.5EvenOrOdd", "P11.5EvenOrOdd\P11.5EvenOrOdd.csproj", "{475AD966-16D0-4E61-8B78-0E44FF079CDC}"
EndProject
Project("{FAE04EC0-301F-11D3-BF4B-00C04F79EFBC}") = "P11IfElse2", "P11IfElse2\P11IfElse2.csproj", "{03BEEAA5-D385-4E83-8586-347C7CC138F6}"
EndProject
Project("{FAE04EC0-301F-11D3-BF4B-00C04F79EFBC}") = "P13GoTo", "P13GoTo\P13GoTo.csproj", "{3540F442-2D9D-4205-8C33-427060817F91}"
EndProject
Project("{FAE04EC0-301F-11D3-BF4B-00C04F79EFBC}") = "G2Battleships", "G2Battleships\G2Battleships.csproj", "{8B11B0AE-0541-469E-821C-68CB13452BD5}"
EndProject
Project("{FAE04EC0-301F-11D3-BF4B-00C04F79EFBC}") = "P13.1", "P13.1\P13.1.csproj", "{366354CD-0CEC-4EE6-972C-D6429C0A71B7}"
EndProject
Project("{FAE04EC0-301F-11D3-BF4B-00C04F79EFBC}") = "P13.2", "P13.2\P13.2.csproj", "{D44566EC-0C85-47D2-A0CF-935B8491F5C1}"
EndProject
Project("{FAE04EC0-301F-11D3-BF4B-00C04F79EFBC}") = "P13.3", "P13.3\P13.3.csproj", "{42CF0167-F562-4384-A5F1-BB65F5085A66}"
EndProject
Project("{FAE04EC0-301F-11D3-BF4B-00C04F79EFBC}") = "P9.2", "P9.2\P9.2.csproj", "{9222D07E-7D3F-4E29-AB6C-3507905DA2BF}"
EndProject
Global
	GlobalSection(SolutionConfigurationPlatforms) = preSolution
		Debug|Any CPU = Debug|Any CPU
		Release|Any CPU = Release|Any CPU
	EndGlobalSection
	GlobalSection(ProjectConfigurationPlatforms) = postSolution
		{5E00D213-81A9-46C0-B826-86FF8245E921}.Debug|Any CPU.ActiveCfg = Debug|Any CPU
		{5E00D213-81A9-46C0-B826-86FF8245E921}.Debug|Any CPU.Build.0 = Debug|Any CPU
		{5E00D213-81A9-46C0-B826-86FF8245E921}.Release|Any CPU.ActiveCfg = Release|Any CPU
		{5E00D213-81A9-46C0-B826-86FF8245E921}.Release|Any CPU.Build.0 = Release|Any CPU
		{FC1AE8E3-62DF-4D8B-813E-6CACC2EFE510}.Debug|Any CPU.ActiveCfg = Debug|Any CPU
		{FC1AE8E3-62DF-4D8B-813E-6CACC2EFE510}.Debug|Any CPU.Build.0 = Debug|Any CPU
		{FC1AE8E3-62DF-4D8B-813E-6CACC2EFE510}.Release|Any CPU.ActiveCfg = Release|Any CPU
		{FC1AE8E3-62DF-4D8B-813E-6CACC2EFE510}.Release|Any CPU.Build.0 = Release|Any CPU
		{BC1A02C8-B274-474F-8DDA-8E79EC87921D}.Debug|Any CPU.ActiveCfg = Debug|Any CPU
		{BC1A02C8-B274-474F-8DDA-8E79EC87921D}.Debug|Any CPU.Build.0 = Debug|Any CPU
		{BC1A02C8-B274-474F-8DDA-8E79EC87921D}.Release|Any CPU.ActiveCfg = Release|Any CPU
		{BC1A02C8-B274-474F-8DDA-8E79EC87921D}.Release|Any CPU.Build.0 = Release|Any CPU
		{0D209CF0-E527-4D34-80A4-285DBD9245C7}.Debug|Any CPU.ActiveCfg = Debug|Any CPU
		{0D209CF0-E527-4D34-80A4-285DBD9245C7}.Debug|Any CPU.Build.0 = Debug|Any CPU
		{0D209CF0-E527-4D34-80A4-285DBD9245C7}.Release|Any CPU.ActiveCfg = Release|Any CPU
		{0D209CF0-E527-4D34-80A4-285DBD9245C7}.Release|Any CPU.Build.0 = Release|Any CPU
		{C403B374-40E1-4DED-AC56-2F6A5817D7DF}.Debug|Any CPU.ActiveCfg = Debug|Any CPU
		{C403B374-40E1-4DED-AC56-2F6A5817D7DF}.Debug|Any CPU.Build.0 = Debug|Any CPU
		{C403B374-40E1-4DED-AC56-2F6A5817D7DF}.Release|Any CPU.ActiveCfg = Release|Any CPU
		{C403B374-40E1-4DED-AC56-2F6A5817D7DF}.Release|Any CPU.Build.0 = Release|Any CPU
		{EECA1920-B0BD-4432-BADA-53E64398F4D7}.Debug|Any CPU.ActiveCfg = Debug|Any CPU
		{EECA1920-B0BD-4432-BADA-53E64398F4D7}.Debug|Any CPU.Build.0 = Debug|Any CPU
		{EECA1920-B0BD-4432-BADA-53E64398F4D7}.Release|Any CPU.ActiveCfg = Release|Any CPU
		{EECA1920-B0BD-4432-BADA-53E64398F4D7}.Release|Any CPU.Build.0 = Release|Any CPU
		{87DA9554-679D-4ADA-A314-96589741BC2F}.Debug|Any CPU.ActiveCfg = Debug|Any CPU
		{87DA9554-679D-4ADA-A314-96589741BC2F}.Debug|Any CPU.Build.0 = Debug|Any CPU
		{87DA9554-679D-4ADA-A314-96589741BC2F}.Release|Any CPU.ActiveCfg = Release|Any CPU
		{87DA9554-679D-4ADA-A314-96589741BC2F}.Release|Any CPU.Build.0 = Release|Any CPU
		{6DCDFFDE-F51E-4FDC-AA68-47776251DECE}.Debug|Any CPU.ActiveCfg = Debug|Any CPU
		{6DCDFFDE-F51E-4FDC-AA68-47776251DECE}.Debug|Any CPU.Build.0 = Debug|Any CPU
		{6DCDFFDE-F51E-4FDC-AA68-47776251DECE}.Release|Any CPU.ActiveCfg = Release|Any CPU
		{6DCDFFDE-F51E-4FDC-AA68-47776251DECE}.Release|Any CPU.Build.0 = Release|Any CPU
		{E7A38EFD-0196-4883-87F7-F894399C3F31}.Debug|Any CPU.ActiveCfg = Debug|Any CPU
		{E7A38EFD-0196-4883-87F7-F894399C3F31}.Debug|Any CPU.Build.0 = Debug|Any CPU
		{E7A38EFD-0196-4883-87F7-F894399C3F31}.Release|Any CPU.ActiveCfg = Release|Any CPU
		{E7A38EFD-0196-4883-87F7-F894399C3F31}.Release|Any CPU.Build.0 = Release|Any CPU
		{4F29803D-0BBA-453E-A086-4956FE1DC12F}.Debug|Any CPU.ActiveCfg = Debug|Any CPU
		{4F29803D-0BBA-453E-A086-4956FE1DC12F}.Debug|Any CPU.Build.0 = Debug|Any CPU
		{4F29803D-0BBA-453E-A086-4956FE1DC12F}.Release|Any CPU.ActiveCfg = Release|Any CPU
		{4F29803D-0BBA-453E-A086-4956FE1DC12F}.Release|Any CPU.Build.0 = Release|Any CPU
		{F284DCDF-6649-46A4-9908-7C7AB3BB6C12}.Debug|Any CPU.ActiveCfg = Debug|Any CPU
		{F284DCDF-6649-46A4-9908-7C7AB3BB6C12}.Debug|Any CPU.Build.0 = Debug|Any CPU
		{F284DCDF-6649-46A4-9908-7C7AB3BB6C12}.Release|Any CPU.ActiveCfg = Release|Any CPU
		{F284DCDF-6649-46A4-9908-7C7AB3BB6C12}.Release|Any CPU.Build.0 = Release|Any CPU
		{74ED85AA-5365-408C-9F6C-FF2F978626A2}.Debug|Any CPU.ActiveCfg = Debug|Any CPU
		{74ED85AA-5365-408C-9F6C-FF2F978626A2}.Debug|Any CPU.Build.0 = Debug|Any CPU
		{74ED85AA-5365-408C-9F6C-FF2F978626A2}.Release|Any CPU.ActiveCfg = Release|Any CPU
		{74ED85AA-5365-408C-9F6C-FF2F978626A2}.Release|Any CPU.Build.0 = Release|Any CPU
		{ED7F622C-9ABC-4670-94EC-BD4E712F9E4C}.Debug|Any CPU.ActiveCfg = Debug|Any CPU
		{ED7F622C-9ABC-4670-94EC-BD4E712F9E4C}.Debug|Any CPU.Build.0 = Debug|Any CPU
		{ED7F622C-9ABC-4670-94EC-BD4E712F9E4C}.Release|Any CPU.ActiveCfg = Release|Any CPU
		{ED7F622C-9ABC-4670-94EC-BD4E712F9E4C}.Release|Any CPU.Build.0 = Release|Any CPU
		{A084AFBE-547D-41BF-81D1-FA0A733C1C93}.Debug|Any CPU.ActiveCfg = Debug|Any CPU
		{A084AFBE-547D-41BF-81D1-FA0A733C1C93}.Debug|Any CPU.Build.0 = Debug|Any CPU
		{A084AFBE-547D-41BF-81D1-FA0A733C1C93}.Release|Any CPU.ActiveCfg = Release|Any CPU
		{A084AFBE-547D-41BF-81D1-FA0A733C1C93}.Release|Any CPU.Build.0 = Release|Any CPU
		{3E496108-9DDA-47D9-A88C-9DEF92A2C385}.Debug|Any CPU.ActiveCfg = Debug|Any CPU
		{3E496108-9DDA-47D9-A88C-9DEF92A2C385}.Debug|Any CPU.Build.0 = Debug|Any CPU
		{3E496108-9DDA-47D9-A88C-9DEF92A2C385}.Release|Any CPU.ActiveCfg = Release|Any CPU
		{3E496108-9DDA-47D9-A88C-9DEF92A2C385}.Release|Any CPU.Build.0 = Release|Any CPU
		{3210746E-16B3-480D-A3ED-B0BECC7AF107}.Debug|Any CPU.ActiveCfg = Debug|Any CPU
		{3210746E-16B3-480D-A3ED-B0BECC7AF107}.Debug|Any CPU.Build.0 = Debug|Any CPU
		{3210746E-16B3-480D-A3ED-B0BECC7AF107}.Release|Any CPU.ActiveCfg = Release|Any CPU
		{3210746E-16B3-480D-A3ED-B0BECC7AF107}.Release|Any CPU.Build.0 = Release|Any CPU
		{A2E53307-0F98-4FDD-BA2C-E6C7F60E5101}.Debug|Any CPU.ActiveCfg = Debug|Any CPU
		{A2E53307-0F98-4FDD-BA2C-E6C7F60E5101}.Debug|Any CPU.Build.0 = Debug|Any CPU
		{A2E53307-0F98-4FDD-BA2C-E6C7F60E5101}.Release|Any CPU.ActiveCfg = Release|Any CPU
		{A2E53307-0F98-4FDD-BA2C-E6C7F60E5101}.Release|Any CPU.Build.0 = Release|Any CPU
		{4BB5E25C-A9A3-44A6-AC67-5651E7A8CE8B}.Debug|Any CPU.ActiveCfg = Debug|Any CPU
		{4BB5E25C-A9A3-44A6-AC67-5651E7A8CE8B}.Debug|Any CPU.Build.0 = Debug|Any CPU
		{4BB5E25C-A9A3-44A6-AC67-5651E7A8CE8B}.Release|Any CPU.ActiveCfg = Release|Any CPU
		{4BB5E25C-A9A3-44A6-AC67-5651E7A8CE8B}.Release|Any CPU.Build.0 = Release|Any CPU
		{835F1CD2-6932-4046-837F-AF23441995E4}.Debug|Any CPU.ActiveCfg = Debug|Any CPU
		{835F1CD2-6932-4046-837F-AF23441995E4}.Debug|Any CPU.Build.0 = Debug|Any CPU
		{835F1CD2-6932-4046-837F-AF23441995E4}.Release|Any CPU.ActiveCfg = Release|Any CPU
		{835F1CD2-6932-4046-837F-AF23441995E4}.Release|Any CPU.Build.0 = Release|Any CPU
		{5E3DDD60-F400-406C-802F-C2ADD43CE74A}.Debug|Any CPU.ActiveCfg = Debug|Any CPU
		{5E3DDD60-F400-406C-802F-C2ADD43CE74A}.Debug|Any CPU.Build.0 = Debug|Any CPU
		{5E3DDD60-F400-406C-802F-C2ADD43CE74A}.Release|Any CPU.ActiveCfg = Release|Any CPU
		{5E3DDD60-F400-406C-802F-C2ADD43CE74A}.Release|Any CPU.Build.0 = Release|Any CPU
		{642E750F-718F-4A04-A603-DAA168EDD35D}.Debug|Any CPU.ActiveCfg = Debug|Any CPU
		{642E750F-718F-4A04-A603-DAA168EDD35D}.Debug|Any CPU.Build.0 = Debug|Any CPU
		{642E750F-718F-4A04-A603-DAA168EDD35D}.Release|Any CPU.ActiveCfg = Release|Any CPU
		{642E750F-718F-4A04-A603-DAA168EDD35D}.Release|Any CPU.Build.0 = Release|Any CPU
		{03F4ACA0-BE1B-4206-8662-A08D5AEB06F7}.Debug|Any CPU.ActiveCfg = Debug|Any CPU
		{03F4ACA0-BE1B-4206-8662-A08D5AEB06F7}.Debug|Any CPU.Build.0 = Debug|Any CPU
		{03F4ACA0-BE1B-4206-8662-A08D5AEB06F7}.Release|Any CPU.ActiveCfg = Release|Any CPU
		{03F4ACA0-BE1B-4206-8662-A08D5AEB06F7}.Release|Any CPU.Build.0 = Release|Any CPU
		{D87C9FBA-4FFC-4C2C-B18B-B066CC9EA151}.Debug|Any CPU.ActiveCfg = Debug|Any CPU
		{D87C9FBA-4FFC-4C2C-B18B-B066CC9EA151}.Debug|Any CPU.Build.0 = Debug|Any CPU
		{D87C9FBA-4FFC-4C2C-B18B-B066CC9EA151}.Release|Any CPU.ActiveCfg = Release|Any CPU
		{D87C9FBA-4FFC-4C2C-B18B-B066CC9EA151}.Release|Any CPU.Build.0 = Release|Any CPU
		{17729CBB-B9C3-4FD9-91AA-B3B2E17595E6}.Debug|Any CPU.ActiveCfg = Debug|Any CPU
		{17729CBB-B9C3-4FD9-91AA-B3B2E17595E6}.Debug|Any CPU.Build.0 = Debug|Any CPU
		{17729CBB-B9C3-4FD9-91AA-B3B2E17595E6}.Release|Any CPU.ActiveCfg = Release|Any CPU
		{17729CBB-B9C3-4FD9-91AA-B3B2E17595E6}.Release|Any CPU.Build.0 = Release|Any CPU
		{C3EC4DEC-2F8E-49AB-95EF-314AC2389163}.Debug|Any CPU.ActiveCfg = Debug|Any CPU
		{C3EC4DEC-2F8E-49AB-95EF-314AC2389163}.Debug|Any CPU.Build.0 = Debug|Any CPU
		{C3EC4DEC-2F8E-49AB-95EF-314AC2389163}.Release|Any CPU.ActiveCfg = Release|Any CPU
		{C3EC4DEC-2F8E-49AB-95EF-314AC2389163}.Release|Any CPU.Build.0 = Release|Any CPU
		{790D4D77-6B86-4AAE-ACAF-9143D19A518E}.Debug|Any CPU.ActiveCfg = Debug|Any CPU
		{790D4D77-6B86-4AAE-ACAF-9143D19A518E}.Debug|Any CPU.Build.0 = Debug|Any CPU
		{790D4D77-6B86-4AAE-ACAF-9143D19A518E}.Release|Any CPU.ActiveCfg = Release|Any CPU
		{790D4D77-6B86-4AAE-ACAF-9143D19A518E}.Release|Any CPU.Build.0 = Release|Any CPU
		{BEF63CC5-8051-4F32-BB05-4B1A230249F7}.Debug|Any CPU.ActiveCfg = Debug|Any CPU
		{BEF63CC5-8051-4F32-BB05-4B1A230249F7}.Debug|Any CPU.Build.0 = Debug|Any CPU
		{BEF63CC5-8051-4F32-BB05-4B1A230249F7}.Release|Any CPU.ActiveCfg = Release|Any CPU
		{BEF63CC5-8051-4F32-BB05-4B1A230249F7}.Release|Any CPU.Build.0 = Release|Any CPU
		{7F18DA1C-3BA4-4ADD-B5FA-A421E6CF9DEC}.Debug|Any CPU.ActiveCfg = Debug|Any CPU
		{7F18DA1C-3BA4-4ADD-B5FA-A421E6CF9DEC}.Debug|Any CPU.Build.0 = Debug|Any CPU
		{7F18DA1C-3BA4-4ADD-B5FA-A421E6CF9DEC}.Release|Any CPU.ActiveCfg = Release|Any CPU
		{7F18DA1C-3BA4-4ADD-B5FA-A421E6CF9DEC}.Release|Any CPU.Build.0 = Release|Any CPU
		{475AD966-16D0-4E61-8B78-0E44FF079CDC}.Debug|Any CPU.ActiveCfg = Debug|Any CPU
		{475AD966-16D0-4E61-8B78-0E44FF079CDC}.Debug|Any CPU.Build.0 = Debug|Any CPU
		{475AD966-16D0-4E61-8B78-0E44FF079CDC}.Release|Any CPU.ActiveCfg = Release|Any CPU
		{475AD966-16D0-4E61-8B78-0E44FF079CDC}.Release|Any CPU.Build.0 = Release|Any CPU
		{03BEEAA5-D385-4E83-8586-347C7CC138F6}.Debug|Any CPU.ActiveCfg = Debug|Any CPU
		{03BEEAA5-D385-4E83-8586-347C7CC138F6}.Debug|Any CPU.Build.0 = Debug|Any CPU
		{03BEEAA5-D385-4E83-8586-347C7CC138F6}.Release|Any CPU.ActiveCfg = Release|Any CPU
		{03BEEAA5-D385-4E83-8586-347C7CC138F6}.Release|Any CPU.Build.0 = Release|Any CPU
		{3540F442-2D9D-4205-8C33-427060817F91}.Debug|Any CPU.ActiveCfg = Debug|Any CPU
		{3540F442-2D9D-4205-8C33-427060817F91}.Debug|Any CPU.Build.0 = Debug|Any CPU
		{3540F442-2D9D-4205-8C33-427060817F91}.Release|Any CPU.ActiveCfg = Release|Any CPU
		{3540F442-2D9D-4205-8C33-427060817F91}.Release|Any CPU.Build.0 = Release|Any CPU
		{8B11B0AE-0541-469E-821C-68CB13452BD5}.Debug|Any CPU.ActiveCfg = Debug|Any CPU
		{8B11B0AE-0541-469E-821C-68CB13452BD5}.Debug|Any CPU.Build.0 = Debug|Any CPU
		{8B11B0AE-0541-469E-821C-68CB13452BD5}.Release|Any CPU.ActiveCfg = Release|Any CPU
		{8B11B0AE-0541-469E-821C-68CB13452BD5}.Release|Any CPU.Build.0 = Release|Any CPU
		{366354CD-0CEC-4EE6-972C-D6429C0A71B7}.Debug|Any CPU.ActiveCfg = Debug|Any CPU
		{366354CD-0CEC-4EE6-972C-D6429C0A71B7}.Debug|Any CPU.Build.0 = Debug|Any CPU
		{366354CD-0CEC-4EE6-972C-D6429C0A71B7}.Release|Any CPU.ActiveCfg = Release|Any CPU
		{366354CD-0CEC-4EE6-972C-D6429C0A71B7}.Release|Any CPU.Build.0 = Release|Any CPU
		{D44566EC-0C85-47D2-A0CF-935B8491F5C1}.Debug|Any CPU.ActiveCfg = Debug|Any CPU
		{D44566EC-0C85-47D2-A0CF-935B8491F5C1}.Debug|Any CPU.Build.0 = Debug|Any CPU
		{D44566EC-0C85-47D2-A0CF-935B8491F5C1}.Release|Any CPU.ActiveCfg = Release|Any CPU
		{D44566EC-0C85-47D2-A0CF-935B8491F5C1}.Release|Any CPU.Build.0 = Release|Any CPU
		{42CF0167-F562-4384-A5F1-BB65F5085A66}.Debug|Any CPU.ActiveCfg = Debug|Any CPU
		{42CF0167-F562-4384-A5F1-BB65F5085A66}.Debug|Any CPU.Build.0 = Debug|Any CPU
		{42CF0167-F562-4384-A5F1-BB65F5085A66}.Release|Any CPU.ActiveCfg = Release|Any CPU
		{42CF0167-F562-4384-A5F1-BB65F5085A66}.Release|Any CPU.Build.0 = Release|Any CPU
		{9222D07E-7D3F-4E29-AB6C-3507905DA2BF}.Debug|Any CPU.ActiveCfg = Debug|Any CPU
		{9222D07E-7D3F-4E29-AB6C-3507905DA2BF}.Debug|Any CPU.Build.0 = Debug|Any CPU
		{9222D07E-7D3F-4E29-AB6C-3507905DA2BF}.Release|Any CPU.ActiveCfg = Release|Any CPU
		{9222D07E-7D3F-4E29-AB6C-3507905DA2BF}.Release|Any CPU.Build.0 = Release|Any CPU
	EndGlobalSection
EndGlobal
